PODS:
  - Capacitor (7.6.8):
    - CapacitorCordova
  - CapacitorApp (7.1.2):
    - Capacitor
  - CapacitorCordova (7.6.8)
  - CapacitorLocalNotifications (7.0.7):
    - Capacitor
  - CapacitorPreferences (7.0.4):
    - Capacitor
  - PurchasesHybridCommon (16.2.0):
    - RevenueCat (= 5.34.0)
  - RevenueCat (5.34.0)
  - RevenuecatPurchasesCapacitor (11.1.1):
    - Capacitor
    - PurchasesHybridCommon (= 16.2.0)

DEPENDENCIES:
  - "Capacitor (from `../../node_modules/@capacitor/ios`)"
  - "CapacitorApp (from `../../node_modules/@capacitor/app`)"
  - "CapacitorCordova (from `../../node_modules/@capacitor/ios`)"
  - "CapacitorLocalNotifications (from `../../node_modules/@capacitor/local-notifications`)"
  - "CapacitorPreferences (from `../../node_modules/@capacitor/preferences`)"
  - PurchasesHybridCommon (from `../Podspecs/PurchasesHybridCommon.podspec.json`)
  - RevenueCat (from `../Podspecs/RevenueCat.podspec.json`)
  - "RevenuecatPurchasesCapacitor (from `../../node_modules/@revenuecat/purchases-capacitor`)"

EXTERNAL SOURCES:
  Capacitor:
    :path: "../../node_modules/@capacitor/ios"
  CapacitorApp:
    :path: "../../node_modules/@capacitor/app"
  CapacitorCordova:
    :path: "../../node_modules/@capacitor/ios"
  CapacitorLocalNotifications:
    :path: "../../node_modules/@capacitor/local-notifications"
  CapacitorPreferences:
    :path: "../../node_modules/@capacitor/preferences"
  PurchasesHybridCommon:
    :podspec: "../Podspecs/PurchasesHybridCommon.podspec.json"
  RevenueCat:
    :podspec: "../Podspecs/RevenueCat.podspec.json"
  RevenuecatPurchasesCapacitor:
    :path: "../../node_modules/@revenuecat/purchases-capacitor"

SPEC CHECKSUMS:
  Capacitor: ff6bf01336ac353098378828aff465095a89e459
  CapacitorApp: f01a913211780e0718dae9750442c3e23f96e106
  CapacitorCordova: e61ee8c40101b8cd011d0224261606a290c082cf
  CapacitorLocalNotifications: 71124afe526ac00585314bff34651bd023f86e37
  CapacitorPreferences: 69d9991307507aeab8ef8019c10b9babfda0e9ca
  PurchasesHybridCommon: 55e97b4e090015ed138988e6559def2bd4c50ebe
  RevenueCat: 5796c3b31cc1510ee4db130619f76dbb6ac4fad6
  RevenuecatPurchasesCapacitor: 420b762736c2842bfb64436b7e0b88d2f672c943

PODFILE CHECKSUM: 88d4446e1df39ef94c2214c6c9c89bb7fbb2e580

COCOAPODS: 1.17.0
